// !$*UTF8*$!
{
	archiveVersion = 1;
	classes = {
	};
	objectVersion = 46;
	objects = {

/* Begin PBXBuildFile section */
		09324B061E5AC7470081FFC1 /* main.m in Sources */ = {isa = PBXBuildFile; fileRef = 09324B051E5AC7470081FFC1 /* main.m */; };
		09324B091E5AC7470081FFC1 /* AppDelegate.m in Sources */ = {isa = PBXBuildFile; fileRef = 09324B081E5AC7470081FFC1 /* AppDelegate.m */; };
		09324B0C1E5AC7470081FFC1 /* ViewController.m in Sources */ = {isa = PBXBuildFile; fileRef = 09324B0B1E5AC7470081FFC1 /* ViewController.m */; };
		09324B0F1E5AC7470081FFC1 /* Main.storyboard in Resources */ = {isa = PBXBuildFile; fileRef = 09324B0D1E5AC7470081FFC1 /* Main.storyboard */; };
		09324B111E5AC7470081FFC1 /* Assets.xcassets in Resources */ = {isa = PBXBuildFile; fileRef = 09324B101E5AC7470081FFC1 /* Assets.xcassets */; };
		09324B141E5AC7470081FFC1 /* LaunchScreen.storyboard in Resources */ = {isa = PBXBuildFile; fileRef = 09324B121E5AC7470081FFC1 /* LaunchScreen.storyboard */; };
		09324B201E5AD1A20081FFC1 /* RetainedViewController.m in Sources */ = {isa = PBXBuildFile; fileRef = 09324B1F1E5AD1A20081FFC1 /* RetainedViewController.m */; };
		6F81A7F3E766BDB946C54083 /* libPods-WCRetainCycleCheckerDemo.a in Frameworks */ = {isa = PBXBuildFile; fileRef = 7DF930E942CC217D8D40B14D /* libPods-WCRetainCycleCheckerDemo.a */; };
/* End PBXBuildFile section */

/* Begin PBXFileReference section */
		09324B011E5AC7470081FFC1 /* WCRetainCycleCheckerDemo.app */ = {isa = PBXFileReference; explicitFileType = wrapper.application; includeInIndex = 0; path = WCRetainCycleCheckerDemo.app; sourceTree = BUILT_PRODUCTS_DIR; };
		09324B051E5AC7470081FFC1 /* main.m */ = {isa = PBXFileReference; lastKnownFileType = sourcecode.c.objc; path = main.m; sourceTree = "<group>"; };
		09324B071E5AC7470081FFC1 /* AppDelegate.h */ = {isa = PBXFileReference; lastKnownFileType = sourcecode.c.h; path = AppDelegate.h; sourceTree = "<group>"; };
		09324B081E5AC7470081FFC1 /* AppDelegate.m */ = {isa = PBXFileReference; lastKnownFileType = sourcecode.c.objc; path = AppDelegate.m; sourceTree = "<group>"; };
		09324B0A1E5AC7470081FFC1 /* ViewController.h */ = {isa = PBXFileReference; lastKnownFileType = sourcecode.c.h; path = ViewController.h; sourceTree = "<group>"; };
		09324B0B1E5AC7470081FFC1 /* ViewController.m */ = {isa = PBXFileReference; lastKnownFileType = sourcecode.c.objc; path = ViewController.m; sourceTree = "<group>"; };
		09324B0E1E5AC7470081FFC1 /* Base */ = {isa = PBXFileReference; lastKnownFileType = file.storyboard; name = Base; path = Base.lproj/Main.storyboard; sourceTree = "<group>"; };
		09324B101E5AC7470081FFC1 /* Assets.xcassets */ = {isa = PBXFileReference; lastKnownFileType = folder.assetcatalog; path = Assets.xcassets; sourceTree = "<group>"; };
		09324B131E5AC7470081FFC1 /* Base */ = {isa = PBXFileReference; lastKnownFileType = file.storyboard; name = Base; path = Base.lproj/LaunchScreen.storyboard; sourceTree = "<group>"; };
		09324B151E5AC7470081FFC1 /* Info.plist */ = {isa = PBXFileReference; lastKnownFileType = text.plist.xml; path = Info.plist; sourceTree = "<group>"; };
		09324B1E1E5AD1A20081FFC1 /* RetainedViewController.h */ = {isa = PBXFileReference; fileEncoding = 4; lastKnownFileType = sourcecode.c.h; path = RetainedViewController.h; sourceTree = "<group>"; };
		09324B1F1E5AD1A20081FFC1 /* RetainedViewController.m */ = {isa = PBXFileReference; fileEncoding = 4; lastKnownFileType = sourcecode.c.objc; path = RetainedViewController.m; sourceTree = "<group>"; };
		151CD00E7BE5FCB9222F32A8 /* Pods-WCRetainCycleCheckerDemo.release.xcconfig */ = {isa = PBXFileReference; includeInIndex = 1; lastKnownFileType = text.xcconfig; name = "Pods-WCRetainCycleCheckerDemo.release.xcconfig"; path = "Pods/Target Support Files/Pods-WCRetainCycleCheckerDemo/Pods-WCRetainCycleCheckerDemo.release.xcconfig"; sourceTree = "<group>"; };
		7DF930E942CC217D8D40B14D /* libPods-WCRetainCycleCheckerDemo.a */ = {isa = PBXFileReference; explicitFileType = archive.ar; includeInIndex = 0; path = "libPods-WCRetainCycleCheckerDemo.a"; sourceTree = BUILT_PRODUCTS_DIR; };
		A609ABAA3C8B657A313C0CC2 /* Pods-WCRetainCycleCheckerDemo.debug.xcconfig */ = {isa = PBXFileReference; includeInIndex = 1; lastKnownFileType = text.xcconfig; name = "Pods-WCRetainCycleCheckerDemo.debug.xcconfig"; path = "Pods/Target Support Files/Pods-WCRetainCycleCheckerDemo/Pods-WCRetainCycleCheckerDemo.debug.xcconfig"; sourceTree = "<group>"; };
/* End PBXFileReference section */

/* Begin PBXFrameworksBuildPhase section */
		09324AFE1E5AC7470081FFC1 /* Frameworks */ = {
			isa = PBXFrameworksBuildPhase;
			buildActionMask = 2147483647;
			files = (
				6F81A7F3E766BDB946C54083 /* libPods-WCRetainCycleCheckerDemo.a in Frameworks */,
			);
			runOnlyForDeploymentPostprocessing = 0;
		};
/* End PBXFrameworksBuildPhase section */

/* Begin PBXGroup section */
		09324AF81E5AC7470081FFC1 = {
			isa = PBXGroup;
			children = (
				09324B031E5AC7470081FFC1 /* WCRetainCycleCheckerDemo */,
				09324B021E5AC7470081FFC1 /* Products */,
				7AD3F942D1DB6DEB1845B11A /* Pods */,
				C6F869ADEC61F4F28F5E1A7E /* Frameworks */,
			);
			sourceTree = "<group>";
		};
		09324B021E5AC7470081FFC1 /* Products */ = {
			isa = PBXGroup;
			children = (
				09324B011E5AC7470081FFC1 /* WCRetainCycleCheckerDemo.app */,
			);
			name = Products;
			sourceTree = "<group>";
		};
		09324B031E5AC7470081FFC1 /* WCRetainCycleCheckerDemo */ = {
			isa = PBXGroup;
			children = (
				09324B071E5AC7470081FFC1 /* AppDelegate.h */,
				09324B081E5AC7470081FFC1 /* AppDelegate.m */,
				09324B0A1E5AC7470081FFC1 /* ViewController.h */,
				09324B0B1E5AC7470081FFC1 /* ViewController.m */,
				09324B1E1E5AD1A20081FFC1 /* RetainedViewController.h */,
				09324B1F1E5AD1A20081FFC1 /* RetainedViewController.m */,
				09324B0D1E5AC7470081FFC1 /* Main.storyboard */,
				09324B101E5AC7470081FFC1 /* Assets.xcassets */,
				09324B121E5AC7470081FFC1 /* LaunchScreen.storyboard */,
				09324B151E5AC7470081FFC1 /* Info.plist */,
				09324B041E5AC7470081FFC1 /* Supporting Files */,
			);
			path = WCRetainCycleCheckerDemo;
			sourceTree = "<group>";
		};
		09324B041E5AC7470081FFC1 /* Supporting Files */ = {
			isa = PBXGroup;
			children = (
				09324B051E5AC7470081FFC1 /* main.m */,
			);
			name = "Supporting Files";
			sourceTree = "<group>";
		};
		7AD3F942D1DB6DEB1845B11A /* Pods */ = {
			isa = PBXGroup;
			children = (
				A609ABAA3C8B657A313C0CC2 /* Pods-WCRetainCycleCheckerDemo.debug.xcconfig */,
				151CD00E7BE5FCB9222F32A8 /* Pods-WCRetainCycleCheckerDemo.release.xcconfig */,
			);
			name = Pods;
			sourceTree = "<group>";
		};
		C6F869ADEC61F4F28F5E1A7E /* Frameworks */ = {
			isa = PBXGroup;
			children = (
				7DF930E942CC217D8D40B14D /* libPods-WCRetainCycleCheckerDemo.a */,
			);
			name = Frameworks;
			sourceTree = "<group>";
		};
/* End PBXGroup section */

/* Begin PBXNativeTarget section */
		09324B001E5AC7470081FFC1 /* WCRetainCycleCheckerDemo */ = {
			isa = PBXNativeTarget;
			buildConfigurationList = 09324B181E5AC7470081FFC1 /* Build configuration list for PBXNativeTarget "WCRetainCycleCheckerDemo" */;
			buildPhases = (
				79C77CFE8C8CD5B127F0C37A /* [CP] Check Pods Manifest.lock */,
				09324AFD1E5AC7470081FFC1 /* Sources */,
				09324AFE1E5AC7470081FFC1 /* Frameworks */,
				09324AFF1E5AC7470081FFC1 /* Resources */,
				A88E1A89D55B0C5255046F61 /* [CP] Embed Pods Frameworks */,
				07273FAA9F28CEAF719E4C67 /* [CP] Copy Pods Resources */,
			);
			buildRules = (
			);
			dependencies = (
			);
			name = WCRetainCycleCheckerDemo;
			productName = WCRetainCycleCheckerDemo;
			productReference = 09324B011E5AC7470081FFC1 /* WCRetainCycleCheckerDemo.app */;
			productType = "com.apple.product-type.application";
		};
/* End PBXNativeTarget section */

/* Begin PBXProject section */
		09324AF91E5AC7470081FFC1 /* Project object */ = {
			isa = PBXProject;
			attributes = {
				LastUpgradeCheck = 0820;
				ORGANIZATIONNAME = WangCe;
				TargetAttributes = {
					09324B001E5AC7470081FFC1 = {
						CreatedOnToolsVersion = 8.2.1;
						DevelopmentTeam = MEZ68LP7JD;
						ProvisioningStyle = Automatic;
					};
				};
			};
			buildConfigurationList = 09324AFC1E5AC7470081FFC1 /* Build configuration list for PBXProject "WCRetainCycleCheckerDemo" */;
			compatibilityVersion = "Xcode 3.2";
			developmentRegion = English;
			hasScannedForEncodings = 0;
			knownRegions = (
				en,
				Base,
			);
			mainGroup = 09324AF81E5AC7470081FFC1;
			productRefGroup = 09324B021E5AC7470081FFC1 /* Products */;
			projectDirPath = "";
			projectRoot = "";
			targets = (
				09324B001E5AC7470081FFC1 /* WCRetainCycleCheckerDemo */,
			);
		};
/* End PBXProject section */

/* Begin PBXResourcesBuildPhase section */
		09324AFF1E5AC7470081FFC1 /* Resources */ = {
			isa = PBXResourcesBuildPhase;
			buildActionMask = 2147483647;
			files = (
				09324B141E5AC7470081FFC1 /* LaunchScreen.storyboard in Resources */,
				09324B111E5AC7470081FFC1 /* Assets.xcassets in Resources */,
				09324B0F1E5AC7470081FFC1 /* Main.storyboard in Resources */,
			);
			runOnlyForDeploymentPostprocessing = 0;
		};
/* End PBXResourcesBuildPhase section */

/* Begin PBXShellScriptBuildPhase section */
		07273FAA9F28CEAF719E4C67 /* [CP] Copy Pods Resources */ = {
			isa = PBXShellScriptBuildPhase;
			buildActionMask = 2147483647;
			files = (
			);
			inputPaths = (
			);
			name = "[CP] Copy Pods Resources";
			outputPaths = (
			);
			runOnlyForDeploymentPostprocessing = 0;
			shellPath = /bin/sh;
			shellScript = "\"${SRCROOT}/Pods/Target Support Files/Pods-WCRetainCycleCheckerDemo/Pods-WCRetainCycleCheckerDemo-resources.sh\"\n";
			showEnvVarsInLog = 0;
		};
		79C77CFE8C8CD5B127F0C37A /* [CP] Check Pods Manifest.lock */ = {
			isa = PBXShellScriptBuildPhase;
			buildActionMask = 2147483647;
			files = (
			);
			inputPaths = (
			);
			name = "[CP] Check Pods Manifest.lock";
			outputPaths = (
			);
			runOnlyForDeploymentPostprocessing = 0;
			shellPath = /bin/sh;
			shellScript = "diff \"${PODS_ROOT}/../Podfile.lock\" \"${PODS_ROOT}/Manifest.lock\" > /dev/null\nif [ $? != 0 ] ; then\n    # print error to STDERR\n    echo \"error: The sandbox is not in sync with the Podfile.lock. Run 'pod install' or update your CocoaPods installation.\" >&2\n    exit 1\nfi\n";
			showEnvVarsInLog = 0;
		};
		A88E1A89D55B0C5255046F61 /* [CP] Embed Pods Frameworks */ = {
			isa = PBXShellScriptBuildPhase;
			buildActionMask = 2147483647;
			files = (
			);
			inputPaths = (
			);
			name = "[CP] Embed Pods Frameworks";
			outputPaths = (
			);
			runOnlyForDeploymentPostprocessing = 0;
			shellPath = /bin/sh;
			shellScript = "\"${SRCROOT}/Pods/Target Support Files/Pods-WCRetainCycleCheckerDemo/Pods-WCRetainCycleCheckerDemo-frameworks.sh\"\n";
			showEnvVarsInLog = 0;
		};
/* End PBXShellScriptBuildPhase section */

/* Begin PBXSourcesBuildPhase section */
		09324AFD1E5AC7470081FFC1 /* Sources */ = {
			isa = PBXSourcesBuildPhase;
			buildActionMask = 2147483647;
			files = (
				09324B0C1E5AC7470081FFC1 /* ViewController.m in Sources */,
				09324B091E5AC7470081FFC1 /* AppDelegate.m in Sources */,
				09324B201E5AD1A20081FFC1 /* RetainedViewController.m in Sources */,
				09324B061E5AC7470081FFC1 /* main.m in Sources */,
			);
			runOnlyForDeploymentPostprocessing = 0;
		};
/* End PBXSourcesBuildPhase section */

/* Begin PBXVariantGroup section */
		09324B0D1E5AC7470081FFC1 /* Main.storyboard */ = {
			isa = PBXVariantGroup;
			children = (
				09324B0E1E5AC7470081FFC1 /* Base */,
			);
			name = Main.storyboard;
			sourceTree = "<group>";
		};
		09324B121E5AC7470081FFC1 /* LaunchScreen.storyboard */ = {
			isa = PBXVariantGroup;
			children = (
				09324B131E5AC7470081FFC1 /* Base */,
			);
			name = LaunchScreen.storyboard;
			sourceTree = "<group>";
		};
/* End PBXVariantGroup section */

/* Begin XCBuildConfiguration section */
		09324B161E5AC7470081FFC1 /* Debug */ = {
			isa = XCBuildConfiguration;
			buildSettings = {
				ALWAYS_SEARCH_USER_PATHS = NO;
				CLANG_ANALYZER_NONNULL = YES;
				CLANG_CXX_LANGUAGE_STANDARD = "gnu++0x";
				CLANG_CXX_LIBRARY = "libc++";
				CLANG_ENABLE_MODULES = YES;
				CLANG_ENABLE_OBJC_ARC = YES;
				CLANG_WARN_BOOL_CONVERSION = YES;
				CLANG_WARN_CONSTANT_CONVERSION = YES;
				CLANG_WARN_DIRECT_OBJC_ISA_USAGE = YES_ERROR;
				CLANG_WARN_DOCUMENTATION_COMMENTS = YES;
				CLANG_WARN_EMPTY_BODY = YES;
				CLANG_WARN_ENUM_CONVERSION = YES;
				CLANG_WARN_INFINITE_RECURSION = YES;
				CLANG_WARN_INT_CONVERSION = YES;
				CLANG_WARN_OBJC_ROOT_CLASS = YES_ERROR;
				CLANG_WARN_SUSPICIOUS_MOVE = YES;
				CLANG_WARN_UNREACHABLE_CODE = YES;
				CLANG_WARN__DUPLICATE_METHOD_MATCH = YES;
				"CODE_SIGN_IDENTITY[sdk=iphoneos*]" = "iPhone Developer";
				COPY_PHASE_STRIP = NO;
				DEBUG_INFORMATION_FORMAT = dwarf;
				ENABLE_STRICT_OBJC_MSGSEND = YES;
				ENABLE_TESTABILITY = YES;
				GCC_C_LANGUAGE_STANDARD = gnu99;
				GCC_DYNAMIC_NO_PIC = NO;
				GCC_NO_COMMON_BLOCKS = YES;
				GCC_OPTIMIZATION_LEVEL = 0;
				GCC_PREPROCESSOR_DEFINITIONS = (
					"DEBUG=1",
					"$(inherited)",
				);
				GCC_WARN_64_TO_32_BIT_CONVERSION = YES;
				GCC_WARN_ABOUT_RETURN_TYPE = YES_ERROR;
				GCC_WARN_UNDECLARED_SELECTOR = YES;
				GCC_WARN_UNINITIALIZED_AUTOS = YES_AGGRESSIVE;
				GCC_WARN_UNUSED_FUNCTION = YES;
				GCC_WARN_UNUSED_VARIABLE = YES;
				IPHONEOS_DEPLOYMENT_TARGET = 10.2;
				MTL_ENABLE_DEBUG_INFO = YES;
				ONLY_ACTIVE_ARCH = YES;
				SDKROOT = iphoneos;
			};
			name = Debug;
		};
		09324B171E5AC7470081FFC1 /* Release */ = {
			isa = XCBuildConfiguration;
			buildSettings = {
				ALWAYS_SEARCH_USER_PATHS = NO;
				CLANG_ANALYZER_NONNULL = YES;
				CLANG_CXX_LANGUAGE_STANDARD = "gnu++0x";
				CLANG_CXX_LIBRARY = "libc++";
				CLANG_ENABLE_MODULES = YES;
				CLANG_ENABLE_OBJC_ARC = YES;
				CLANG_WARN_BOOL_CONVERSION = YES;
				CLANG_WARN_CONSTANT_CONVERSION = YES;
				CLANG_WARN_DIRECT_OBJC_ISA_USAGE = YES_ERROR;
				CLANG_WARN_DOCUMENTATION_COMMENTS = YES;
				CLANG_WARN_EMPTY_BODY = YES;
				CLANG_WARN_ENUM_CONVERSION = YES;
				CLANG_WARN_INFINITE_RECURSION = YES;
				CLANG_WARN_INT_CONVERSION = YES;
				CLANG_WARN_OBJC_ROOT_CLASS = YES_ERROR;
				CLANG_WARN_SUSPICIOUS_MOVE = YES;
				CLANG_WARN_UNREACHABLE_CODE = YES;
				CLANG_WARN__DUPLICATE_METHOD_MATCH = YES;
				"CODE_SIGN_IDENTITY[sdk=iphoneos*]" = "iPhone Developer";
				COPY_PHASE_STRIP = NO;
				DEBUG_INFORMATION_FORMAT = "dwarf-with-dsym";
				ENABLE_NS_ASSERTIONS = NO;
				ENABLE_STRICT_OBJC_MSGSEND = YES;
				GCC_C_LANGUAGE_STANDARD = gnu99;
				GCC_NO_COMMON_BLOCKS = YES;
				GCC_WARN_64_TO_32_BIT_CONVERSION = YES;
				GCC_WARN_ABOUT_RETURN_TYPE = YES_ERROR;
				GCC_WARN_UNDECLARED_SELECTOR = YES;
				GCC_WARN_UNINITIALIZED_AUTOS = YES_AGGRESSIVE;
				GCC_WARN_UNUSED_FUNCTION = YES;
				GCC_WARN_UNUSED_VARIABLE = YES;
				IPHONEOS_DEPLOYMENT_TARGET = 10.2;
				MTL_ENABLE_DEBUG_INFO = NO;
				SDKROOT = iphoneos;
				VALIDATE_PRODUCT = YES;
			};
			name = Release;
		};
		09324B191E5AC7470081FFC1 /* Debug */ = {
			isa = XCBuildConfiguration;
			baseConfigurationReference = A609ABAA3C8B657A313C0CC2 /* Pods-WCRetainCycleCheckerDemo.debug.xcconfig */;
			buildSettings = {
				ASSETCATALOG_COMPILER_APPICON_NAME = AppIcon;
				DEVELOPMENT_TEAM = MEZ68LP7JD;
				INFOPLIST_FILE = WCRetainCycleCheckerDemo/Info.plist;
				LD_RUNPATH_SEARCH_PATHS = "$(inherited) @executable_path/Frameworks";
				PRODUCT_BUNDLE_IDENTIFIER = HaloWang.WCRetainCycleCheckerDemo;
				PRODUCT_NAME = "$(TARGET_NAME)";
			};
			name = Debug;
		};
		09324B1A1E5AC7470081FFC1 /* Release */ = {
			isa = XCBuildConfiguration;
			baseConfigurationReference = 151CD00E7BE5FCB9222F32A8 /* Pods-WCRetainCycleCheckerDemo.release.xcconfig */;
			buildSettings = {
				ASSETCATALOG_COMPILER_APPICON_NAME = AppIcon;
				DEVELOPMENT_TEAM = MEZ68LP7JD;
				INFOPLIST_FILE = WCRetainCycleCheckerDemo/Info.plist;
				LD_RUNPATH_SEARCH_PATHS = "$(inherited) @executable_path/Frameworks";
				PRODUCT_BUNDLE_IDENTIFIER = HaloWang.WCRetainCycleCheckerDemo;
				PRODUCT_NAME = "$(TARGET_NAME)";
			};
			name = Release;
		};
/* End XCBuildConfiguration section */

/* Begin XCConfigurationList section */
		09324AFC1E5AC7470081FFC1 /* Build configuration list for PBXProject "WCRetainCycleCheckerDemo" */ = {
			isa = XCConfigurationList;
			buildConfigurations = (
				09324B161E5AC7470081FFC1 /* Debug */,
				09324B171E5AC7470081FFC1 /* Release */,
			);
			defaultConfigurationIsVisible = 0;
			defaultConfigurationName = Release;
		};
		09324B181E5AC7470081FFC1 /* Build configuration list for PBXNativeTarget "WCRetainCycleCheckerDemo" */ = {
			isa = XCConfigurationList;
			buildConfigurations = (
				09324B191E5AC7470081FFC1 /* Debug */,
				09324B1A1E5AC7470081FFC1 /* Release */,
			);
			defaultConfigurationIsVisible = 0;
			defaultConfigurationName = Release;
		};
/* End XCConfigurationList section */
	};
	rootObject = 09324AF91E5AC7470081FFC1 /* Project object */;
}
